PODS:
  - Flutter (1.0.0)
  - flutter_open_app_store (0.0.1):
    - Flutter

DEPENDENCIES:
  - Flutter (from `.symlinks/flutter/ios`)
  - flutter_open_app_store (from `.symlinks/plugins/flutter_open_app_store/ios`)

EXTERNAL SOURCES:
  Flutter:
    :path: ".symlinks/flutter/ios"
  flutter_open_app_store:
    :path: ".symlinks/plugins/flutter_open_app_store/ios"

SPEC CHECKSUMS:
  Flutter: 0e3d915762c693b495b44d77113d4970485de6ec
  flutter_open_app_store: 46df4165f3140f005eb70c90df5333c520f10fb6

PODFILE CHECKSUM: 10ae9c18d12c9ffc2275c9a159a3b1e281990db0

COCOAPODS: 1.7.4
